# This file is automatically @generated by Cargo.
# It is not intended for manual editing.
version = 3

[[package]]
name = "aximo"
version = "0.1.0"

[[package]]
name = "aximo-audio"
version = "0.1.0"

[[package]]
name = "aximo-core"
version = "0.1.0"

[[package]]
name = "aximo-inference"
version = "0.1.0"
